
Microsoft Visual Studio Solution File, Format Version 12.00
# Visual Studio Version 17
VisualStudioVersion = 17.6.33801.468
MinimumVisualStudioVersion = 10.0.40219.1
Project("{9A19103F-16F7-4668-BE54-9A1E7A4F7556}") = "realAdviceTriggerSystem", "realAdviceTriggerSystem\realAdviceTriggerSystem.csproj", "{89492015-13F8-461D-8171-907377860C54}"
EndProject
Project("{9A19103F-16F7-4668-BE54-9A1E7A4F7556}") = "realAdviceTriggerSystemAPI", "realAdviceTriggerSystemAPI\realAdviceTriggerSystemAPI.csproj", "{86C60115-4CBB-48DC-B726-A0D158EB40C0}"
EndProject
Project("{9A19103F-16F7-4668-BE54-9A1E7A4F7556}") = "realAdviceTriggerSystemService", "realAdviceTriggerService\realAdviceTriggerSystemService.csproj", "{F1232AEC-01ED-487F-8E5C-5AB6D03BA301}"
EndProject
Global
	GlobalSection(SolutionConfigurationPlatforms) = preSolution
		Debug|Any CPU = Debug|Any CPU
		Release|Any CPU = Release|Any CPU
	EndGlobalSection
	GlobalSection(ProjectConfigurationPlatforms) = postSolution
		{89492015-13F8-461D-8171-907377860C54}.Debug|Any CPU.ActiveCfg = Debug|Any CPU
		{89492015-13F8-461D-8171-907377860C54}.Debug|Any CPU.Build.0 = Debug|Any CPU
		{89492015-13F8-461D-8171-907377860C54}.Release|Any CPU.ActiveCfg = Release|Any CPU
		{89492015-13F8-461D-8171-907377860C54}.Release|Any CPU.Build.0 = Release|Any CPU
		{86C60115-4CBB-48DC-B726-A0D158EB40C0}.Debug|Any CPU.ActiveCfg = Debug|Any CPU
		{86C60115-4CBB-48DC-B726-A0D158EB40C0}.Debug|Any CPU.Build.0 = Debug|Any CPU
		{86C60115-4CBB-48DC-B726-A0D158EB40C0}.Release|Any CPU.ActiveCfg = Release|Any CPU
		{86C60115-4CBB-48DC-B726-A0D158EB40C0}.Release|Any CPU.Build.0 = Release|Any CPU
		{F1232AEC-01ED-487F-8E5C-5AB6D03BA301}.Debug|Any CPU.ActiveCfg = Debug|Any CPU
		{F1232AEC-01ED-487F-8E5C-5AB6D03BA301}.Debug|Any CPU.Build.0 = Debug|Any CPU
		{F1232AEC-01ED-487F-8E5C-5AB6D03BA301}.Release|Any CPU.ActiveCfg = Release|Any CPU
		{F1232AEC-01ED-487F-8E5C-5AB6D03BA301}.Release|Any CPU.Build.0 = Release|Any CPU
	EndGlobalSection
	GlobalSection(SolutionProperties) = preSolution
		HideSolutionNode = FALSE
	EndGlobalSection
	GlobalSection(ExtensibilityGlobals) = postSolution
		SolutionGuid = {31DC1ADA-0FF5-4196-A590-A19578857634}
	EndGlobalSection
EndGlobal
